
Microsoft Visual Studio Solution File, Format Version 12.00
# Visual Studio Version 17
VisualStudioVersion = 17.9.34728.123
MinimumVisualStudioVersion = 10.0.40219.1
Project("{FAE04EC0-301F-11D3-BF4B-00C04F79EFBC}") = "User-App.Domain", "User-App.Domain\User-App.Domain.csproj", "{DBA06A21-7A18-4027-8078-F385473579F2}"
EndProject
Project("{FAE04EC0-301F-11D3-BF4B-00C04F79EFBC}") = "User-App.DataAccess", "User-App.DataAccess\User-App.DataAccess.csproj", "{6539B8AC-6E69-4107-AB8D-7A9CF03CB772}"
EndProject
Project("{FAE04EC0-301F-11D3-BF4B-00C04F79EFBC}") = "User-App.Api", "User-App.Api\User-App.Api.csproj", "{88CBC335-CB12-44E0-B531-C9070B8B294A}"
EndProject
Global
	GlobalSection(SolutionConfigurationPlatforms) = preSolution
		Debug|Any CPU = Debug|Any CPU
		Release|Any CPU = Release|Any CPU
	EndGlobalSection
	GlobalSection(ProjectConfigurationPlatforms) = postSolution
		{DBA06A21-7A18-4027-8078-F385473579F2}.Debug|Any CPU.ActiveCfg = Debug|Any CPU
		{DBA06A21-7A18-4027-8078-F385473579F2}.Debug|Any CPU.Build.0 = Debug|Any CPU
		{DBA06A21-7A18-4027-8078-F385473579F2}.Release|Any CPU.ActiveCfg = Release|Any CPU
		{DBA06A21-7A18-4027-8078-F385473579F2}.Release|Any CPU.Build.0 = Release|Any CPU
		{6539B8AC-6E69-4107-AB8D-7A9CF03CB772}.Debug|Any CPU.ActiveCfg = Debug|Any CPU
		{6539B8AC-6E69-4107-AB8D-7A9CF03CB772}.Debug|Any CPU.Build.0 = Debug|Any CPU
		{6539B8AC-6E69-4107-AB8D-7A9CF03CB772}.Release|Any CPU.ActiveCfg = Release|Any CPU
		{6539B8AC-6E69-4107-AB8D-7A9CF03CB772}.Release|Any CPU.Build.0 = Release|Any CPU
		{88CBC335-CB12-44E0-B531-C9070B8B294A}.Debug|Any CPU.ActiveCfg = Debug|Any CPU
		{88CBC335-CB12-44E0-B531-C9070B8B294A}.Debug|Any CPU.Build.0 = Debug|Any CPU
		{88CBC335-CB12-44E0-B531-C9070B8B294A}.Release|Any CPU.ActiveCfg = Release|Any CPU
		{88CBC335-CB12-44E0-B531-C9070B8B294A}.Release|Any CPU.Build.0 = Release|Any CPU
	EndGlobalSection
	GlobalSection(SolutionProperties) = preSolution
		HideSolutionNode = FALSE
	EndGlobalSection
	GlobalSection(ExtensibilityGlobals) = postSolution
		SolutionGuid = {A6CD9B19-371D-4965-A6B4-76724F25DF70}
	EndGlobalSection
EndGlobal
